
Microsoft Visual Studio Solution File, Format Version 12.00
# Visual Studio Version 17
VisualStudioVersion = 17.4.33213.308
MinimumVisualStudioVersion = 10.0.40219.1
Project("{9A19103F-16F7-4668-BE54-9A1E7A4F7556}") = "DropcopyGenerator", "DropcopyGenerator\DropcopyGenerator.csproj", "{D93BE68E-60BB-494C-9982-D3E33F5E18BD}"
EndProject
Project("{9A19103F-16F7-4668-BE54-9A1E7A4F7556}") = "TestProject", "TestProject\TestProject.csproj", "{DCE584E1-4CEF-4516-A3D5-C4F5DFF516FD}"
EndProject
Project("{9A19103F-16F7-4668-BE54-9A1E7A4F7556}") = "OMS", "OMS\OMS.csproj", "{E781EDAF-56AD-46AF-8441-FFE5D7119613}"
EndProject
Project("{9A19103F-16F7-4668-BE54-9A1E7A4F7556}") = "PM", "..\PM.NET\PM\PM.csproj", "{13165B4B-FE80-4E15-A4DB-C641F474F8CE}"
EndProject
Project("{9A19103F-16F7-4668-BE54-9A1E7A4F7556}") = "Common", "Common\Common.csproj", "{277775EA-5DDB-42D7-8DDE-DF43E1858452}"
EndProject
Project("{9A19103F-16F7-4668-BE54-9A1E7A4F7556}") = "QuickFix", "QuickFIXn\QuickFix.csproj", "{8021520E-3A30-498C-B147-F1FA0AD343BE}"
EndProject
Project("{9A19103F-16F7-4668-BE54-9A1E7A4F7556}") = "QuickFix.FIX44", "Messages\FIX44\QuickFix.FIX44.csproj", "{F8F5C6F4-7C73-424F-8E76-1D50D4DDF935}"
EndProject
Global
	GlobalSection(SolutionConfigurationPlatforms) = preSolution
		Debug|Any CPU = Debug|Any CPU
		Debug|x64 = Debug|x64
		Release|Any CPU = Release|Any CPU
		Release|x64 = Release|x64
	EndGlobalSection
	GlobalSection(ProjectConfigurationPlatforms) = postSolution
		{D93BE68E-60BB-494C-9982-D3E33F5E18BD}.Debug|Any CPU.ActiveCfg = Debug|Any CPU
		{D93BE68E-60BB-494C-9982-D3E33F5E18BD}.Debug|Any CPU.Build.0 = Debug|Any CPU
		{D93BE68E-60BB-494C-9982-D3E33F5E18BD}.Debug|x64.ActiveCfg = Debug|Any CPU
		{D93BE68E-60BB-494C-9982-D3E33F5E18BD}.Debug|x64.Build.0 = Debug|Any CPU
		{D93BE68E-60BB-494C-9982-D3E33F5E18BD}.Release|Any CPU.ActiveCfg = Release|Any CPU
		{D93BE68E-60BB-494C-9982-D3E33F5E18BD}.Release|Any CPU.Build.0 = Release|Any CPU
		{D93BE68E-60BB-494C-9982-D3E33F5E18BD}.Release|x64.ActiveCfg = Release|Any CPU
		{D93BE68E-60BB-494C-9982-D3E33F5E18BD}.Release|x64.Build.0 = Release|Any CPU
		{DCE584E1-4CEF-4516-A3D5-C4F5DFF516FD}.Debug|Any CPU.ActiveCfg = Debug|Any CPU
		{DCE584E1-4CEF-4516-A3D5-C4F5DFF516FD}.Debug|Any CPU.Build.0 = Debug|Any CPU
		{DCE584E1-4CEF-4516-A3D5-C4F5DFF516FD}.Debug|x64.ActiveCfg = Debug|Any CPU
		{DCE584E1-4CEF-4516-A3D5-C4F5DFF516FD}.Debug|x64.Build.0 = Debug|Any CPU
		{DCE584E1-4CEF-4516-A3D5-C4F5DFF516FD}.Release|Any CPU.ActiveCfg = Release|Any CPU
		{DCE584E1-4CEF-4516-A3D5-C4F5DFF516FD}.Release|Any CPU.Build.0 = Release|Any CPU
		{DCE584E1-4CEF-4516-A3D5-C4F5DFF516FD}.Release|x64.ActiveCfg = Release|Any CPU
		{DCE584E1-4CEF-4516-A3D5-C4F5DFF516FD}.Release|x64.Build.0 = Release|Any CPU
		{E781EDAF-56AD-46AF-8441-FFE5D7119613}.Debug|Any CPU.ActiveCfg = Debug|Any CPU
		{E781EDAF-56AD-46AF-8441-FFE5D7119613}.Debug|Any CPU.Build.0 = Debug|Any CPU
		{E781EDAF-56AD-46AF-8441-FFE5D7119613}.Debug|x64.ActiveCfg = Debug|Any CPU
		{E781EDAF-56AD-46AF-8441-FFE5D7119613}.Debug|x64.Build.0 = Debug|Any CPU
		{E781EDAF-56AD-46AF-8441-FFE5D7119613}.Release|Any CPU.ActiveCfg = Release|Any CPU
		{E781EDAF-56AD-46AF-8441-FFE5D7119613}.Release|Any CPU.Build.0 = Release|Any CPU
		{E781EDAF-56AD-46AF-8441-FFE5D7119613}.Release|x64.ActiveCfg = Release|Any CPU
		{E781EDAF-56AD-46AF-8441-FFE5D7119613}.Release|x64.Build.0 = Release|Any CPU
		{13165B4B-FE80-4E15-A4DB-C641F474F8CE}.Debug|Any CPU.ActiveCfg = Debug|Any CPU
		{13165B4B-FE80-4E15-A4DB-C641F474F8CE}.Debug|Any CPU.Build.0 = Debug|Any CPU
		{13165B4B-FE80-4E15-A4DB-C641F474F8CE}.Debug|x64.ActiveCfg = Debug|Any CPU
		{13165B4B-FE80-4E15-A4DB-C641F474F8CE}.Debug|x64.Build.0 = Debug|Any CPU
		{13165B4B-FE80-4E15-A4DB-C641F474F8CE}.Release|Any CPU.ActiveCfg = Release|Any CPU
		{13165B4B-FE80-4E15-A4DB-C641F474F8CE}.Release|Any CPU.Build.0 = Release|Any CPU
		{13165B4B-FE80-4E15-A4DB-C641F474F8CE}.Release|x64.ActiveCfg = Release|Any CPU
		{13165B4B-FE80-4E15-A4DB-C641F474F8CE}.Release|x64.Build.0 = Release|Any CPU
		{277775EA-5DDB-42D7-8DDE-DF43E1858452}.Debug|Any CPU.ActiveCfg = Debug|Any CPU
		{277775EA-5DDB-42D7-8DDE-DF43E1858452}.Debug|Any CPU.Build.0 = Debug|Any CPU
		{277775EA-5DDB-42D7-8DDE-DF43E1858452}.Debug|x64.ActiveCfg = Debug|Any CPU
		{277775EA-5DDB-42D7-8DDE-DF43E1858452}.Debug|x64.Build.0 = Debug|Any CPU
		{277775EA-5DDB-42D7-8DDE-DF43E1858452}.Release|Any CPU.ActiveCfg = Release|Any CPU
		{277775EA-5DDB-42D7-8DDE-DF43E1858452}.Release|Any CPU.Build.0 = Release|Any CPU
		{277775EA-5DDB-42D7-8DDE-DF43E1858452}.Release|x64.ActiveCfg = Release|Any CPU
		{277775EA-5DDB-42D7-8DDE-DF43E1858452}.Release|x64.Build.0 = Release|Any CPU
		{8021520E-3A30-498C-B147-F1FA0AD343BE}.Debug|Any CPU.ActiveCfg = Debug|Any CPU
		{8021520E-3A30-498C-B147-F1FA0AD343BE}.Debug|Any CPU.Build.0 = Debug|Any CPU
		{8021520E-3A30-498C-B147-F1FA0AD343BE}.Debug|x64.ActiveCfg = Debug|x64
		{8021520E-3A30-498C-B147-F1FA0AD343BE}.Debug|x64.Build.0 = Debug|x64
		{8021520E-3A30-498C-B147-F1FA0AD343BE}.Release|Any CPU.ActiveCfg = Release|Any CPU
		{8021520E-3A30-498C-B147-F1FA0AD343BE}.Release|Any CPU.Build.0 = Release|Any CPU
		{8021520E-3A30-498C-B147-F1FA0AD343BE}.Release|x64.ActiveCfg = Release|x64
		{8021520E-3A30-498C-B147-F1FA0AD343BE}.Release|x64.Build.0 = Release|x64
		{F8F5C6F4-7C73-424F-8E76-1D50D4DDF935}.Debug|Any CPU.ActiveCfg = Debug|Any CPU
		{F8F5C6F4-7C73-424F-8E76-1D50D4DDF935}.Debug|Any CPU.Build.0 = Debug|Any CPU
		{F8F5C6F4-7C73-424F-8E76-1D50D4DDF935}.Debug|x64.ActiveCfg = Debug|x64
		{F8F5C6F4-7C73-424F-8E76-1D50D4DDF935}.Debug|x64.Build.0 = Debug|x64
		{F8F5C6F4-7C73-424F-8E76-1D50D4DDF935}.Release|Any CPU.ActiveCfg = Release|Any CPU
		{F8F5C6F4-7C73-424F-8E76-1D50D4DDF935}.Release|Any CPU.Build.0 = Release|Any CPU
		{F8F5C6F4-7C73-424F-8E76-1D50D4DDF935}.Release|x64.ActiveCfg = Release|x64
		{F8F5C6F4-7C73-424F-8E76-1D50D4DDF935}.Release|x64.Build.0 = Release|x64
	EndGlobalSection
	GlobalSection(SolutionProperties) = preSolution
		HideSolutionNode = FALSE
	EndGlobalSection
	GlobalSection(ExtensibilityGlobals) = postSolution
		SolutionGuid = {6D777C2B-6CD6-4B92-8609-6DE7C8F31A6E}
	EndGlobalSection
EndGlobal
